// !$*UTF8*$!
{
	archiveVersion = 1;
	classes = {
	};
	objectVersion = 50;
	objects = {

/* Begin PBXBuildFile section */
		DDECAA7D23444638005D0ADF /* AppDelegate.swift in Sources */ = {isa = PBXBuildFile; fileRef = DDECAA7C23444638005D0ADF /* AppDelegate.swift */; };
		DDECAA7F23444638005D0ADF /* ViewController.swift in Sources */ = {isa = PBXBuildFile; fileRef = DDECAA7E23444638005D0ADF /* ViewController.swift */; };
		DDECAA8223444638005D0ADF /* Main.storyboard in Resources */ = {isa = PBXBuildFile; fileRef = DDECAA8023444638005D0ADF /* Main.storyboard */; };
		DDECAA842344463D005D0ADF /* Assets.xcassets in Resources */ = {isa = PBXBuildFile; fileRef = DDECAA832344463D005D0ADF /* Assets.xcassets */; };
		DDECAA872344463D005D0ADF /* LaunchScreen.storyboard in Resources */ = {isa = PBXBuildFile; fileRef = DDECAA852344463D005D0ADF /* LaunchScreen.storyboard */; };
		DDECAA922344463D005D0ADF /* TipCalculatorTests.swift in Sources */ = {isa = PBXBuildFile; fileRef = DDECAA912344463D005D0ADF /* TipCalculatorTests.swift */; };
		DDECAA9D2344463D005D0ADF /* TipCalculatorUITests.swift in Sources */ = {isa = PBXBuildFile; fileRef = DDECAA9C2344463D005D0ADF /* TipCalculatorUITests.swift */; };
		DDECAAAB23452552005D0ADF /* CalculatorViewController.swift in Sources */ = {isa = PBXBuildFile; fileRef = DDECAAAA23452551005D0ADF /* CalculatorViewController.swift */; };
		DDECAAAD2345261D005D0ADF /* Calculator.swift in Sources */ = {isa = PBXBuildFile; fileRef = DDECAAAC2345261D005D0ADF /* Calculator.swift */; };
/* End PBXBuildFile section */

/* Begin PBXContainerItemProxy section */
		DDECAA8E2344463D005D0ADF /* PBXContainerItemProxy */ = {
			isa = PBXContainerItemProxy;
			containerPortal = DDECAA7123444638005D0ADF /* Project object */;
			proxyType = 1;
			remoteGlobalIDString = DDECAA7823444638005D0ADF;
			remoteInfo = TipCalculator;
		};
		DDECAA992344463D005D0ADF /* PBXContainerItemProxy */ = {
			isa = PBXContainerItemProxy;
			containerPortal = DDECAA7123444638005D0ADF /* Project object */;
			proxyType = 1;
			remoteGlobalIDString = DDECAA7823444638005D0ADF;
			remoteInfo = TipCalculator;
		};
/* End PBXContainerItemProxy section */

/* Begin PBXFileReference section */
		DDECAA7923444638005D0ADF /* TipCalculator.app */ = {isa = PBXFileReference; explicitFileType = wrapper.application; includeInIndex = 0; path = TipCalculator.app; sourceTree = BUILT_PRODUCTS_DIR; };
		DDECAA7C23444638005D0ADF /* AppDelegate.swift */ = {isa = PBXFileReference; lastKnownFileType = sourcecode.swift; path = AppDelegate.swift; sourceTree = "<group>"; };
		DDECAA7E23444638005D0ADF /* ViewController.swift */ = {isa = PBXFileReference; lastKnownFileType = sourcecode.swift; path = ViewController.swift; sourceTree = "<group>"; };
		DDECAA8123444638005D0ADF /* Base */ = {isa = PBXFileReference; lastKnownFileType = file.storyboard; name = Base; path = Base.lproj/Main.storyboard; sourceTree = "<group>"; };
		DDECAA832344463D005D0ADF /* Assets.xcassets */ = {isa = PBXFileReference; lastKnownFileType = folder.assetcatalog; path = Assets.xcassets; sourceTree = "<group>"; };
		DDECAA862344463D005D0ADF /* Base */ = {isa = PBXFileReference; lastKnownFileType = file.storyboard; name = Base; path = Base.lproj/LaunchScreen.storyboard; sourceTree = "<group>"; };
		DDECAA882344463D005D0ADF /* Info.plist */ = {isa = PBXFileReference; lastKnownFileType = text.plist.xml; path = Info.plist; sourceTree = "<group>"; };
		DDECAA8D2344463D005D0ADF /* TipCalculatorTests.xctest */ = {isa = PBXFileReference; explicitFileType = wrapper.cfbundle; includeInIndex = 0; path = TipCalculatorTests.xctest; sourceTree = BUILT_PRODUCTS_DIR; };
		DDECAA912344463D005D0ADF /* TipCalculatorTests.swift */ = {isa = PBXFileReference; lastKnownFileType = sourcecode.swift; path = TipCalculatorTests.swift; sourceTree = "<group>"; };
		DDECAA932344463D005D0ADF /* Info.plist */ = {isa = PBXFileReference; lastKnownFileType = text.plist.xml; path = Info.plist; sourceTree = "<group>"; };
		DDECAA982344463D005D0ADF /* TipCalculatorUITests.xctest */ = {isa = PBXFileReference; explicitFileType = wrapper.cfbundle; includeInIndex = 0; path = TipCalculatorUITests.xctest; sourceTree = BUILT_PRODUCTS_DIR; };
		DDECAA9C2344463D005D0ADF /* TipCalculatorUITests.swift */ = {isa = PBXFileReference; lastKnownFileType = sourcecode.swift; path = TipCalculatorUITests.swift; sourceTree = "<group>"; };
		DDECAA9E2344463D005D0ADF /* Info.plist */ = {isa = PBXFileReference; lastKnownFileType = text.plist.xml; path = Info.plist; sourceTree = "<group>"; };
		DDECAAAA23452551005D0ADF /* CalculatorViewController.swift */ = {isa = PBXFileReference; lastKnownFileType = sourcecode.swift; path = CalculatorViewController.swift; sourceTree = "<group>"; };
		DDECAAAC2345261D005D0ADF /* Calculator.swift */ = {isa = PBXFileReference; lastKnownFileType = sourcecode.swift; path = Calculator.swift; sourceTree = "<group>"; };
/* End PBXFileReference section */

/* Begin PBXFrameworksBuildPhase section */
		DDECAA7623444638005D0ADF /* Frameworks */ = {
			isa = PBXFrameworksBuildPhase;
			buildActionMask = 2147483647;
			files = (
			);
			runOnlyForDeploymentPostprocessing = 0;
		};
		DDECAA8A2344463D005D0ADF /* Frameworks */ = {
			isa = PBXFrameworksBuildPhase;
			buildActionMask = 2147483647;
			files = (
			);
			runOnlyForDeploymentPostprocessing = 0;
		};
		DDECAA952344463D005D0ADF /* Frameworks */ = {
			isa = PBXFrameworksBuildPhase;
			buildActionMask = 2147483647;
			files = (
			);
			runOnlyForDeploymentPostprocessing = 0;
		};
/* End PBXFrameworksBuildPhase section */

/* Begin PBXGroup section */
		DDECAA7023444638005D0ADF = {
			isa = PBXGroup;
			children = (
				DDECAA7B23444638005D0ADF /* TipCalculator */,
				DDECAA902344463D005D0ADF /* TipCalculatorTests */,
				DDECAA9B2344463D005D0ADF /* TipCalculatorUITests */,
				DDECAA7A23444638005D0ADF /* Products */,
			);
			sourceTree = "<group>";
		};
		DDECAA7A23444638005D0ADF /* Products */ = {
			isa = PBXGroup;
			children = (
				DDECAA7923444638005D0ADF /* TipCalculator.app */,
				DDECAA8D2344463D005D0ADF /* TipCalculatorTests.xctest */,
				DDECAA982344463D005D0ADF /* TipCalculatorUITests.xctest */,
			);
			name = Products;
			sourceTree = "<group>";
		};
		DDECAA7B23444638005D0ADF /* TipCalculator */ = {
			isa = PBXGroup;
			children = (
				DDECAA7C23444638005D0ADF /* AppDelegate.swift */,
				DDECAA7E23444638005D0ADF /* ViewController.swift */,
				DDECAA8023444638005D0ADF /* Main.storyboard */,
				DDECAAAC2345261D005D0ADF /* Calculator.swift */,
				DDECAAAA23452551005D0ADF /* CalculatorViewController.swift */,
				DDECAA832344463D005D0ADF /* Assets.xcassets */,
				DDECAA852344463D005D0ADF /* LaunchScreen.storyboard */,
				DDECAA882344463D005D0ADF /* Info.plist */,
			);
			path = TipCalculator;
			sourceTree = "<group>";
		};
		DDECAA902344463D005D0ADF /* TipCalculatorTests */ = {
			isa = PBXGroup;
			children = (
				DDECAA912344463D005D0ADF /* TipCalculatorTests.swift */,
				DDECAA932344463D005D0ADF /* Info.plist */,
			);
			path = TipCalculatorTests;
			sourceTree = "<group>";
		};
		DDECAA9B2344463D005D0ADF /* TipCalculatorUITests */ = {
			isa = PBXGroup;
			children = (
				DDECAA9C2344463D005D0ADF /* TipCalculatorUITests.swift */,
				DDECAA9E2344463D005D0ADF /* Info.plist */,
			);
			path = TipCalculatorUITests;
			sourceTree = "<group>";
		};
/* End PBXGroup section */

/* Begin PBXNativeTarget section */
		DDECAA7823444638005D0ADF /* TipCalculator */ = {
			isa = PBXNativeTarget;
			buildConfigurationList = DDECAAA12344463D005D0ADF /* Build configuration list for PBXNativeTarget "TipCalculator" */;
			buildPhases = (
				DDECAA7523444638005D0ADF /* Sources */,
				DDECAA7623444638005D0ADF /* Frameworks */,
				DDECAA7723444638005D0ADF /* Resources */,
			);
			buildRules = (
			);
			dependencies = (
			);
			name = TipCalculator;
			productName = TipCalculator;
			productReference = DDECAA7923444638005D0ADF /* TipCalculator.app */;
			productType = "com.apple.product-type.application";
		};
		DDECAA8C2344463D005D0ADF /* TipCalculatorTests */ = {
			isa = PBXNativeTarget;
			buildConfigurationList = DDECAAA42344463D005D0ADF /* Build configuration list for PBXNativeTarget "TipCalculatorTests" */;
			buildPhases = (
				DDECAA892344463D005D0ADF /* Sources */,
				DDECAA8A2344463D005D0ADF /* Frameworks */,
				DDECAA8B2344463D005D0ADF /* Resources */,
			);
			buildRules = (
			);
			dependencies = (
				DDECAA8F2344463D005D0ADF /* PBXTargetDependency */,
			);
			name = TipCalculatorTests;
			productName = TipCalculatorTests;
			productReference = DDECAA8D2344463D005D0ADF /* TipCalculatorTests.xctest */;
			productType = "com.apple.product-type.bundle.unit-test";
		};
		DDECAA972344463D005D0ADF /* TipCalculatorUITests */ = {
			isa = PBXNativeTarget;
			buildConfigurationList = DDECAAA72344463D005D0ADF /* Build configuration list for PBXNativeTarget "TipCalculatorUITests" */;
			buildPhases = (
				DDECAA942344463D005D0ADF /* Sources */,
				DDECAA952344463D005D0ADF /* Frameworks */,
				DDECAA962344463D005D0ADF /* Resources */,
			);
			buildRules = (
			);
			dependencies = (
				DDECAA9A2344463D005D0ADF /* PBXTargetDependency */,
			);
			name = TipCalculatorUITests;
			productName = TipCalculatorUITests;
			productReference = DDECAA982344463D005D0ADF /* TipCalculatorUITests.xctest */;
			productType = "com.apple.product-type.bundle.ui-testing";
		};
/* End PBXNativeTarget section */

/* Begin PBXProject section */
		DDECAA7123444638005D0ADF /* Project object */ = {
			isa = PBXProject;
			attributes = {
				LastSwiftUpdateCheck = 1010;
				LastUpgradeCheck = 1010;
				ORGANIZATIONNAME = "Jasmin Ramirez ";
				TargetAttributes = {
					DDECAA7823444638005D0ADF = {
						CreatedOnToolsVersion = 10.1;
					};
					DDECAA8C2344463D005D0ADF = {
						CreatedOnToolsVersion = 10.1;
						TestTargetID = DDECAA7823444638005D0ADF;
					};
					DDECAA972344463D005D0ADF = {
						CreatedOnToolsVersion = 10.1;
						TestTargetID = DDECAA7823444638005D0ADF;
					};
				};
			};
			buildConfigurationList = DDECAA7423444638005D0ADF /* Build configuration list for PBXProject "TipCalculator" */;
			compatibilityVersion = "Xcode 9.3";
			developmentRegion = en;
			hasScannedForEncodings = 0;
			knownRegions = (
				en,
				Base,
			);
			mainGroup = DDECAA7023444638005D0ADF;
			productRefGroup = DDECAA7A23444638005D0ADF /* Products */;
			projectDirPath = "";
			projectRoot = "";
			targets = (
				DDECAA7823444638005D0ADF /* TipCalculator */,
				DDECAA8C2344463D005D0ADF /* TipCalculatorTests */,
				DDECAA972344463D005D0ADF /* TipCalculatorUITests */,
			);
		};
/* End PBXProject section */

/* Begin PBXResourcesBuildPhase section */
		DDECAA7723444638005D0ADF /* Resources */ = {
			isa = PBXResourcesBuildPhase;
			buildActionMask = 2147483647;
			files = (
				DDECAA872344463D005D0ADF /* LaunchScreen.storyboard in Resources */,
				DDECAA842344463D005D0ADF /* Assets.xcassets in Resources */,
				DDECAA8223444638005D0ADF /* Main.storyboard in Resources */,
			);
			runOnlyForDeploymentPostprocessing = 0;
		};
		DDECAA8B2344463D005D0ADF /* Resources */ = {
			isa = PBXResourcesBuildPhase;
			buildActionMask = 2147483647;
			files = (
			);
			runOnlyForDeploymentPostprocessing = 0;
		};
		DDECAA962344463D005D0ADF /* Resources */ = {
			isa = PBXResourcesBuildPhase;
			buildActionMask = 2147483647;
			files = (
			);
			runOnlyForDeploymentPostprocessing = 0;
		};
/* End PBXResourcesBuildPhase section */

/* Begin PBXSourcesBuildPhase section */
		DDECAA7523444638005D0ADF /* Sources */ = {
			isa = PBXSourcesBuildPhase;
			buildActionMask = 2147483647;
			files = (
				DDECAA7F23444638005D0ADF /* ViewController.swift in Sources */,
				DDECAAAD2345261D005D0ADF /* Calculator.swift in Sources */,
				DDECAAAB23452552005D0ADF /* CalculatorViewController.swift in Sources */,
				DDECAA7D23444638005D0ADF /* AppDelegate.swift in Sources */,
			);
			runOnlyForDeploymentPostprocessing = 0;
		};
		DDECAA892344463D005D0ADF /* Sources */ = {
			isa = PBXSourcesBuildPhase;
			buildActionMask = 2147483647;
			files = (
				DDECAA922344463D005D0ADF /* TipCalculatorTests.swift in Sources */,
			);
			runOnlyForDeploymentPostprocessing = 0;
		};
		DDECAA942344463D005D0ADF /* Sources */ = {
			isa = PBXSourcesBuildPhase;
			buildActionMask = 2147483647;
			files = (
				DDECAA9D2344463D005D0ADF /* TipCalculatorUITests.swift in Sources */,
			);
			runOnlyForDeploymentPostprocessing = 0;
		};
/* End PBXSourcesBuildPhase section */

/* Begin PBXTargetDependency section */
		DDECAA8F2344463D005D0ADF /* PBXTargetDependency */ = {
			isa = PBXTargetDependency;
			target = DDECAA7823444638005D0ADF /* TipCalculator */;
			targetProxy = DDECAA8E2344463D005D0ADF /* PBXContainerItemProxy */;
		};
		DDECAA9A2344463D005D0ADF /* PBXTargetDependency */ = {
			isa = PBXTargetDependency;
			target = DDECAA7823444638005D0ADF /* TipCalculator */;
			targetProxy = DDECAA992344463D005D0ADF /* PBXContainerItemProxy */;
		};
/* End PBXTargetDependency section */

/* Begin PBXVariantGroup section */
		DDECAA8023444638005D0ADF /* Main.storyboard */ = {
			isa = PBXVariantGroup;
			children = (
				DDECAA8123444638005D0ADF /* Base */,
			);
			name = Main.storyboard;
			sourceTree = "<group>";
		};
		DDECAA852344463D005D0ADF /* LaunchScreen.storyboard */ = {
			isa = PBXVariantGroup;
			children = (
				DDECAA862344463D005D0ADF /* Base */,
			);
			name = LaunchScreen.storyboard;
			sourceTree = "<group>";
		};
/* End PBXVariantGroup section */

/* Begin XCBuildConfiguration section */
		DDECAA9F2344463D005D0ADF /* Debug */ = {
			isa = XCBuildConfiguration;
			buildSettings = {
				ALWAYS_SEARCH_USER_PATHS = NO;
				CLANG_ANALYZER_NONNULL = YES;
				CLANG_ANALYZER_NUMBER_OBJECT_CONVERSION = YES_AGGRESSIVE;
				CLANG_CXX_LANGUAGE_STANDARD = "gnu++14";
				CLANG_CXX_LIBRARY = "libc++";
				CLANG_ENABLE_MODULES = YES;
				CLANG_ENABLE_OBJC_ARC = YES;
				CLANG_ENABLE_OBJC_WEAK = YES;
				CLANG_WARN_BLOCK_CAPTURE_AUTORELEASING = YES;
				CLANG_WARN_BOOL_CONVERSION = YES;
				CLANG_WARN_COMMA = YES;
				CLANG_WARN_CONSTANT_CONVERSION = YES;
				CLANG_WARN_DEPRECATED_OBJC_IMPLEMENTATIONS = YES;
				CLANG_WARN_DIRECT_OBJC_ISA_USAGE = YES_ERROR;
				CLANG_WARN_DOCUMENTATION_COMMENTS = YES;
				CLANG_WARN_EMPTY_BODY = YES;
				CLANG_WARN_ENUM_CONVERSION = YES;
				CLANG_WARN_INFINITE_RECURSION = YES;
				CLANG_WARN_INT_CONVERSION = YES;
				CLANG_WARN_NON_LITERAL_NULL_CONVERSION = YES;
				CLANG_WARN_OBJC_IMPLICIT_RETAIN_SELF = YES;
				CLANG_WARN_OBJC_LITERAL_CONVERSION = YES;
				CLANG_WARN_OBJC_ROOT_CLASS = YES_ERROR;
				CLANG_WARN_RANGE_LOOP_ANALYSIS = YES;
				CLANG_WARN_STRICT_PROTOTYPES = YES;
				CLANG_WARN_SUSPICIOUS_MOVE = YES;
				CLANG_WARN_UNGUARDED_AVAILABILITY = YES_AGGRESSIVE;
				CLANG_WARN_UNREACHABLE_CODE = YES;
				CLANG_WARN__DUPLICATE_METHOD_MATCH = YES;
				CODE_SIGN_IDENTITY = "iPhone Developer";
				COPY_PHASE_STRIP = NO;
				DEBUG_INFORMATION_FORMAT = dwarf;
				ENABLE_STRICT_OBJC_MSGSEND = YES;
				ENABLE_TESTABILITY = YES;
				GCC_C_LANGUAGE_STANDARD = gnu11;
				GCC_DYNAMIC_NO_PIC = NO;
				GCC_NO_COMMON_BLOCKS = YES;
				GCC_OPTIMIZATION_LEVEL = 0;
				GCC_PREPROCESSOR_DEFINITIONS = (
					"DEBUG=1",
					"$(inherited)",
				);
				GCC_WARN_64_TO_32_BIT_CONVERSION = YES;
				GCC_WARN_ABOUT_RETURN_TYPE = YES_ERROR;
				GCC_WARN_UNDECLARED_SELECTOR = YES;
				GCC_WARN_UNINITIALIZED_AUTOS = YES_AGGRESSIVE;
				GCC_WARN_UNUSED_FUNCTION = YES;
				GCC_WARN_UNUSED_VARIABLE = YES;
				IPHONEOS_DEPLOYMENT_TARGET = 12.1;
				MTL_ENABLE_DEBUG_INFO = INCLUDE_SOURCE;
				MTL_FAST_MATH = YES;
				ONLY_ACTIVE_ARCH = YES;
				SDKROOT = iphoneos;
				SWIFT_ACTIVE_COMPILATION_CONDITIONS = DEBUG;
				SWIFT_OPTIMIZATION_LEVEL = "-Onone";
			};
			name = Debug;
		};
		DDECAAA02344463D005D0ADF /* Release */ = {
			isa = XCBuildConfiguration;
			buildSettings = {
				ALWAYS_SEARCH_USER_PATHS = NO;
				CLANG_ANALYZER_NONNULL = YES;
				CLANG_ANALYZER_NUMBER_OBJECT_CONVERSION = YES_AGGRESSIVE;
				CLANG_CXX_LANGUAGE_STANDARD = "gnu++14";
				CLANG_CXX_LIBRARY = "libc++";
				CLANG_ENABLE_MODULES = YES;
				CLANG_ENABLE_OBJC_ARC = YES;
				CLANG_ENABLE_OBJC_WEAK = YES;
				CLANG_WARN_BLOCK_CAPTURE_AUTORELEASING = YES;
				CLANG_WARN_BOOL_CONVERSION = YES;
				CLANG_WARN_COMMA = YES;
				CLANG_WARN_CONSTANT_CONVERSION = YES;
				CLANG_WARN_DEPRECATED_OBJC_IMPLEMENTATIONS = YES;
				CLANG_WARN_DIRECT_OBJC_ISA_USAGE = YES_ERROR;
				CLANG_WARN_DOCUMENTATION_COMMENTS = YES;
				CLANG_WARN_EMPTY_BODY = YES;
				CLANG_WARN_ENUM_CONVERSION = YES;
				CLANG_WARN_INFINITE_RECURSION = YES;
				CLANG_WARN_INT_CONVERSION = YES;
				CLANG_WARN_NON_LITERAL_NULL_CONVERSION = YES;
				CLANG_WARN_OBJC_IMPLICIT_RETAIN_SELF = YES;
				CLANG_WARN_OBJC_LITERAL_CONVERSION = YES;
				CLANG_WARN_OBJC_ROOT_CLASS = YES_ERROR;
				CLANG_WARN_RANGE_LOOP_ANALYSIS = YES;
				CLANG_WARN_STRICT_PROTOTYPES = YES;
				CLANG_WARN_SUSPICIOUS_MOVE = YES;
				CLANG_WARN_UNGUARDED_AVAILABILITY = YES_AGGRESSIVE;
				CLANG_WARN_UNREACHABLE_CODE = YES;
				CLANG_WARN__DUPLICATE_METHOD_MATCH = YES;
				CODE_SIGN_IDENTITY = "iPhone Developer";
				COPY_PHASE_STRIP = NO;
				DEBUG_INFORMATION_FORMAT = "dwarf-with-dsym";
				ENABLE_NS_ASSERTIONS = NO;
				ENABLE_STRICT_OBJC_MSGSEND = YES;
				GCC_C_LANGUAGE_STANDARD = gnu11;
				GCC_NO_COMMON_BLOCKS = YES;
				GCC_WARN_64_TO_32_BIT_CONVERSION = YES;
				GCC_WARN_ABOUT_RETURN_TYPE = YES_ERROR;
				GCC_WARN_UNDECLARED_SELECTOR = YES;
				GCC_WARN_UNINITIALIZED_AUTOS = YES_AGGRESSIVE;
				GCC_WARN_UNUSED_FUNCTION = YES;
				GCC_WARN_UNUSED_VARIABLE = YES;
				IPHONEOS_DEPLOYMENT_TARGET = 12.1;
				MTL_ENABLE_DEBUG_INFO = NO;
				MTL_FAST_MATH = YES;
				SDKROOT = iphoneos;
				SWIFT_COMPILATION_MODE = wholemodule;
				SWIFT_OPTIMIZATION_LEVEL = "-O";
				VALIDATE_PRODUCT = YES;
			};
			name = Release;
		};
		DDECAAA22344463D005D0ADF /* Debug */ = {
			isa = XCBuildConfiguration;
			buildSettings = {
				ASSETCATALOG_COMPILER_APPICON_NAME = AppIcon;
				CODE_SIGN_STYLE = Automatic;
				INFOPLIST_FILE = TipCalculator/Info.plist;
				LD_RUNPATH_SEARCH_PATHS = (
					"$(inherited)",
					"@executable_path/Frameworks",
				);
				PRODUCT_BUNDLE_IDENTIFIER = Jasmin.TipCalculator;
				PRODUCT_NAME = "$(TARGET_NAME)";
				SWIFT_VERSION = 4.2;
				TARGETED_DEVICE_FAMILY = "1,2";
			};
			name = Debug;
		};
		DDECAAA32344463D005D0ADF /* Release */ = {
			isa = XCBuildConfiguration;
			buildSettings = {
				ASSETCATALOG_COMPILER_APPICON_NAME = AppIcon;
				CODE_SIGN_STYLE = Automatic;
				INFOPLIST_FILE = TipCalculator/Info.plist;
				LD_RUNPATH_SEARCH_PATHS = (
					"$(inherited)",
					"@executable_path/Frameworks",
				);
				PRODUCT_BUNDLE_IDENTIFIER = Jasmin.TipCalculator;
				PRODUCT_NAME = "$(TARGET_NAME)";
				SWIFT_VERSION = 4.2;
				TARGETED_DEVICE_FAMILY = "1,2";
			};
			name = Release;
		};
		DDECAAA52344463D005D0ADF /* Debug */ = {
			isa = XCBuildConfiguration;
			buildSettings = {
				ALWAYS_EMBED_SWIFT_STANDARD_LIBRARIES = YES;
				BUNDLE_LOADER = "$(TEST_HOST)";
				CODE_SIGN_STYLE = Automatic;
				INFOPLIST_FILE = TipCalculatorTests/Info.plist;
				LD_RUNPATH_SEARCH_PATHS = (
					"$(inherited)",
					"@executable_path/Frameworks",
					"@loader_path/Frameworks",
				);
				PRODUCT_BUNDLE_IDENTIFIER = Jasmin.TipCalculatorTests;
				PRODUCT_NAME = "$(TARGET_NAME)";
				SWIFT_VERSION = 4.2;
				TARGETED_DEVICE_FAMILY = "1,2";
				TEST_HOST = "$(BUILT_PRODUCTS_DIR)/TipCalculator.app/TipCalculator";
			};
			name = Debug;
		};
		DDECAAA62344463D005D0ADF /* Release */ = {
			isa = XCBuildConfiguration;
			buildSettings = {
				ALWAYS_EMBED_SWIFT_STANDARD_LIBRARIES = YES;
				BUNDLE_LOADER = "$(TEST_HOST)";
				CODE_SIGN_STYLE = Automatic;
				INFOPLIST_FILE = TipCalculatorTests/Info.plist;
				LD_RUNPATH_SEARCH_PATHS = (
					"$(inherited)",
					"@executable_path/Frameworks",
					"@loader_path/Frameworks",
				);
				PRODUCT_BUNDLE_IDENTIFIER = Jasmin.TipCalculatorTests;
				PRODUCT_NAME = "$(TARGET_NAME)";
				SWIFT_VERSION = 4.2;
				TARGETED_DEVICE_FAMILY = "1,2";
				TEST_HOST = "$(BUILT_PRODUCTS_DIR)/TipCalculator.app/TipCalculator";
			};
			name = Release;
		};
		DDECAAA82344463D005D0ADF /* Debug */ = {
			isa = XCBuildConfiguration;
			buildSettings = {
				ALWAYS_EMBED_SWIFT_STANDARD_LIBRARIES = YES;
				CODE_SIGN_STYLE = Automatic;
				INFOPLIST_FILE = TipCalculatorUITests/Info.plist;
				LD_RUNPATH_SEARCH_PATHS = (
					"$(inherited)",
					"@executable_path/Frameworks",
					"@loader_path/Frameworks",
				);
				PRODUCT_BUNDLE_IDENTIFIER = Jasmin.TipCalculatorUITests;
				PRODUCT_NAME = "$(TARGET_NAME)";
				SWIFT_VERSION = 4.2;
				TARGETED_DEVICE_FAMILY = "1,2";
				TEST_TARGET_NAME = TipCalculator;
			};
			name = Debug;
		};
		DDECAAA92344463D005D0ADF /* Release */ = {
			isa = XCBuildConfiguration;
			buildSettings = {
				ALWAYS_EMBED_SWIFT_STANDARD_LIBRARIES = YES;
				CODE_SIGN_STYLE = Automatic;
				INFOPLIST_FILE = TipCalculatorUITests/Info.plist;
				LD_RUNPATH_SEARCH_PATHS = (
					"$(inherited)",
					"@executable_path/Frameworks",
					"@loader_path/Frameworks",
				);
				PRODUCT_BUNDLE_IDENTIFIER = Jasmin.TipCalculatorUITests;
				PRODUCT_NAME = "$(TARGET_NAME)";
				SWIFT_VERSION = 4.2;
				TARGETED_DEVICE_FAMILY = "1,2";
				TEST_TARGET_NAME = TipCalculator;
			};
			name = Release;
		};
/* End XCBuildConfiguration section */

/* Begin XCConfigurationList section */
		DDECAA7423444638005D0ADF /* Build configuration list for PBXProject "TipCalculator" */ = {
			isa = XCConfigurationList;
			buildConfigurations = (
				DDECAA9F2344463D005D0ADF /* Debug */,
				DDECAAA02344463D005D0ADF /* Release */,
			);
			defaultConfigurationIsVisible = 0;
			defaultConfigurationName = Release;
		};
		DDECAAA12344463D005D0ADF /* Build configuration list for PBXNativeTarget "TipCalculator" */ = {
			isa = XCConfigurationList;
			buildConfigurations = (
				DDECAAA22344463D005D0ADF /* Debug */,
				DDECAAA32344463D005D0ADF /* Release */,
			);
			defaultConfigurationIsVisible = 0;
			defaultConfigurationName = Release;
		};
		DDECAAA42344463D005D0ADF /* Build configuration list for PBXNativeTarget "TipCalculatorTests" */ = {
			isa = XCConfigurationList;
			buildConfigurations = (
				DDECAAA52344463D005D0ADF /* Debug */,
				DDECAAA62344463D005D0ADF /* Release */,
			);
			defaultConfigurationIsVisible = 0;
			defaultConfigurationName = Release;
		};
		DDECAAA72344463D005D0ADF /* Build configuration list for PBXNativeTarget "TipCalculatorUITests" */ = {
			isa = XCConfigurationList;
			buildConfigurations = (
				DDECAAA82344463D005D0ADF /* Debug */,
				DDECAAA92344463D005D0ADF /* Release */,
			);
			defaultConfigurationIsVisible = 0;
			defaultConfigurationName = Release;
		};
/* End XCConfigurationList section */
	};
	rootObject = DDECAA7123444638005D0ADF /* Project object */;
}
